// !$*UTF8*$!
{
	archiveVersion = 1;
	classes = {
	};
	objectVersion = 46;
	objects = {

/* Begin PBXBuildFile section */
		D7E266EA19D1AB760099D274 /* main.swift in Sources */ = {isa = PBXBuildFile; fileRef = D7E266E919D1AB760099D274 /* main.swift */; };
		D7E266F119D1AB890099D274 /* json.swift in Sources */ = {isa = PBXBuildFile; fileRef = D7E266F019D1AB890099D274 /* json.swift */; };
		D7E266F319D1AB910099D274 /* Location.swift in Sources */ = {isa = PBXBuildFile; fileRef = D7E266F219D1AB910099D274 /* Location.swift */; };
/* End PBXBuildFile section */

/* Begin PBXCopyFilesBuildPhase section */
		D7E266E419D1AB760099D274 /* CopyFiles */ = {
			isa = PBXCopyFilesBuildPhase;
			buildActionMask = 2147483647;
			dstPath = /usr/share/man/man1/;
			dstSubfolderSpec = 0;
			files = (
			);
			runOnlyForDeploymentPostprocessing = 1;
		};
/* End PBXCopyFilesBuildPhase section */

/* Begin PBXFileReference section */
		D7E266E619D1AB760099D274 /* JSONMarshal */ = {isa = PBXFileReference; explicitFileType = "compiled.mach-o.executable"; includeInIndex = 0; path = JSONMarshal; sourceTree = BUILT_PRODUCTS_DIR; };
		D7E266E919D1AB760099D274 /* main.swift */ = {isa = PBXFileReference; lastKnownFileType = sourcecode.swift; path = main.swift; sourceTree = "<group>"; };
		D7E266F019D1AB890099D274 /* json.swift */ = {isa = PBXFileReference; fileEncoding = 4; lastKnownFileType = sourcecode.swift; path = json.swift; sourceTree = "<group>"; };
		D7E266F219D1AB910099D274 /* Location.swift */ = {isa = PBXFileReference; fileEncoding = 4; lastKnownFileType = sourcecode.swift; path = Location.swift; sourceTree = "<group>"; };
		D7E266F419D1ABDB0099D274 /* feed.json */ = {isa = PBXFileReference; fileEncoding = 4; lastKnownFileType = text.json; name = feed.json; path = ../feed.json; sourceTree = "<group>"; };
/* End PBXFileReference section */

/* Begin PBXFrameworksBuildPhase section */
		D7E266E319D1AB760099D274 /* Frameworks */ = {
			isa = PBXFrameworksBuildPhase;
			buildActionMask = 2147483647;
			files = (
			);
			runOnlyForDeploymentPostprocessing = 0;
		};
/* End PBXFrameworksBuildPhase section */

/* Begin PBXGroup section */
		D7E266DD19D1AB760099D274 = {
			isa = PBXGroup;
			children = (
				D7E266E819D1AB760099D274 /* JSONMarshal */,
				D7E266E719D1AB760099D274 /* Products */,
			);
			sourceTree = "<group>";
		};
		D7E266E719D1AB760099D274 /* Products */ = {
			isa = PBXGroup;
			children = (
				D7E266E619D1AB760099D274 /* JSONMarshal */,
			);
			name = Products;
			sourceTree = "<group>";
		};
		D7E266E819D1AB760099D274 /* JSONMarshal */ = {
			isa = PBXGroup;
			children = (
				D7E266F419D1ABDB0099D274 /* feed.json */,
				D7E266F219D1AB910099D274 /* Location.swift */,
				D7E266F019D1AB890099D274 /* json.swift */,
				D7E266E919D1AB760099D274 /* main.swift */,
			);
			path = JSONMarshal;
			sourceTree = "<group>";
		};
/* End PBXGroup section */

/* Begin PBXNativeTarget section */
		D7E266E519D1AB760099D274 /* JSONMarshal */ = {
			isa = PBXNativeTarget;
			buildConfigurationList = D7E266ED19D1AB760099D274 /* Build configuration list for PBXNativeTarget "JSONMarshal" */;
			buildPhases = (
				D7E266E219D1AB760099D274 /* Sources */,
				D7E266E319D1AB760099D274 /* Frameworks */,
				D7E266E419D1AB760099D274 /* CopyFiles */,
			);
			buildRules = (
			);
			dependencies = (
			);
			name = JSONMarshal;
			productName = JSONMarshal;
			productReference = D7E266E619D1AB760099D274 /* JSONMarshal */;
			productType = "com.apple.product-type.tool";
		};
/* End PBXNativeTarget section */

/* Begin PBXProject section */
		D7E266DE19D1AB760099D274 /* Project object */ = {
			isa = PBXProject;
			attributes = {
				LastUpgradeCheck = 0600;
				ORGANIZATIONNAME = "Vaughn Williams";
				TargetAttributes = {
					D7E266E519D1AB760099D274 = {
						CreatedOnToolsVersion = 6.0;
					};
				};
			};
			buildConfigurationList = D7E266E119D1AB760099D274 /* Build configuration list for PBXProject "JSONMarshal" */;
			compatibilityVersion = "Xcode 3.2";
			developmentRegion = English;
			hasScannedForEncodings = 0;
			knownRegions = (
				en,
			);
			mainGroup = D7E266DD19D1AB760099D274;
			productRefGroup = D7E266E719D1AB760099D274 /* Products */;
			projectDirPath = "";
			projectRoot = "";
			targets = (
				D7E266E519D1AB760099D274 /* JSONMarshal */,
			);
		};
/* End PBXProject section */

/* Begin PBXSourcesBuildPhase section */
		D7E266E219D1AB760099D274 /* Sources */ = {
			isa = PBXSourcesBuildPhase;
			buildActionMask = 2147483647;
			files = (
				D7E266EA19D1AB760099D274 /* main.swift in Sources */,
				D7E266F319D1AB910099D274 /* Location.swift in Sources */,
				D7E266F119D1AB890099D274 /* json.swift in Sources */,
			);
			runOnlyForDeploymentPostprocessing = 0;
		};
/* End PBXSourcesBuildPhase section */

/* Begin XCBuildConfiguration section */
		D7E266EB19D1AB760099D274 /* Debug */ = {
			isa = XCBuildConfiguration;
			buildSettings = {
				ALWAYS_SEARCH_USER_PATHS = NO;
				CLANG_CXX_LANGUAGE_STANDARD = "gnu++0x";
				CLANG_CXX_LIBRARY = "libc++";
				CLANG_ENABLE_MODULES = YES;
				CLANG_ENABLE_OBJC_ARC = YES;
				CLANG_WARN_BOOL_CONVERSION = YES;
				CLANG_WARN_CONSTANT_CONVERSION = YES;
				CLANG_WARN_DIRECT_OBJC_ISA_USAGE = YES_ERROR;
				CLANG_WARN_EMPTY_BODY = YES;
				CLANG_WARN_ENUM_CONVERSION = YES;
				CLANG_WARN_INT_CONVERSION = YES;
				CLANG_WARN_OBJC_ROOT_CLASS = YES_ERROR;
				CLANG_WARN_UNREACHABLE_CODE = YES;
				CLANG_WARN__DUPLICATE_METHOD_MATCH = YES;
				COPY_PHASE_STRIP = NO;
				ENABLE_STRICT_OBJC_MSGSEND = YES;
				GCC_C_LANGUAGE_STANDARD = gnu99;
				GCC_DYNAMIC_NO_PIC = NO;
				GCC_OPTIMIZATION_LEVEL = 0;
				GCC_PREPROCESSOR_DEFINITIONS = (
					"DEBUG=1",
					"$(inherited)",
				);
				GCC_SYMBOLS_PRIVATE_EXTERN = NO;
				GCC_WARN_64_TO_32_BIT_CONVERSION = YES;
				GCC_WARN_ABOUT_RETURN_TYPE = YES_ERROR;
				GCC_WARN_UNDECLARED_SELECTOR = YES;
				GCC_WARN_UNINITIALIZED_AUTOS = YES_AGGRESSIVE;
				GCC_WARN_UNUSED_FUNCTION = YES;
				GCC_WARN_UNUSED_VARIABLE = YES;
				MACOSX_DEPLOYMENT_TARGET = 10.9;
				MTL_ENABLE_DEBUG_INFO = YES;
				ONLY_ACTIVE_ARCH = YES;
				SDKROOT = macosx;
				SWIFT_OPTIMIZATION_LEVEL = "-Onone";
			};
			name = Debug;
		};
		D7E266EC19D1AB760099D274 /* Release */ = {
			isa = XCBuildConfiguration;
			buildSettings = {
				ALWAYS_SEARCH_USER_PATHS = NO;
				CLANG_CXX_LANGUAGE_STANDARD = "gnu++0x";
				CLANG_CXX_LIBRARY = "libc++";
				CLANG_ENABLE_MODULES = YES;
				CLANG_ENABLE_OBJC_ARC = YES;
				CLANG_WARN_BOOL_CONVERSION = YES;
				CLANG_WARN_CONSTANT_CONVERSION = YES;
				CLANG_WARN_DIRECT_OBJC_ISA_USAGE = YES_ERROR;
				CLANG_WARN_EMPTY_BODY = YES;
				CLANG_WARN_ENUM_CONVERSION = YES;
				CLANG_WARN_INT_CONVERSION = YES;
				CLANG_WARN_OBJC_ROOT_CLASS = YES_ERROR;
				CLANG_WARN_UNREACHABLE_CODE = YES;
				CLANG_WARN__DUPLICATE_METHOD_MATCH = YES;
				COPY_PHASE_STRIP = YES;
				DEBUG_INFORMATION_FORMAT = "dwarf-with-dsym";
				ENABLE_NS_ASSERTIONS = NO;
				ENABLE_STRICT_OBJC_MSGSEND = YES;
				GCC_C_LANGUAGE_STANDARD = gnu99;
				GCC_WARN_64_TO_32_BIT_CONVERSION = YES;
				GCC_WARN_ABOUT_RETURN_TYPE = YES_ERROR;
				GCC_WARN_UNDECLARED_SELECTOR = YES;
				GCC_WARN_UNINITIALIZED_AUTOS = YES_AGGRESSIVE;
				GCC_WARN_UNUSED_FUNCTION = YES;
				GCC_WARN_UNUSED_VARIABLE = YES;
				MACOSX_DEPLOYMENT_TARGET = 10.9;
				MTL_ENABLE_DEBUG_INFO = NO;
				SDKROOT = macosx;
			};
			name = Release;
		};
		D7E266EE19D1AB760099D274 /* Debug */ = {
			isa = XCBuildConfiguration;
			buildSettings = {
				PRODUCT_NAME = "$(TARGET_NAME)";
			};
			name = Debug;
		};
		D7E266EF19D1AB760099D274 /* Release */ = {
			isa = XCBuildConfiguration;
			buildSettings = {
				PRODUCT_NAME = "$(TARGET_NAME)";
			};
			name = Release;
		};
/* End XCBuildConfiguration section */

/* Begin XCConfigurationList section */
		D7E266E119D1AB760099D274 /* Build configuration list for PBXProject "JSONMarshal" */ = {
			isa = XCConfigurationList;
			buildConfigurations = (
				D7E266EB19D1AB760099D274 /* Debug */,
				D7E266EC19D1AB760099D274 /* Release */,
			);
			defaultConfigurationIsVisible = 0;
			defaultConfigurationName = Release;
		};
		D7E266ED19D1AB760099D274 /* Build configuration list for PBXNativeTarget "JSONMarshal" */ = {
			isa = XCConfigurationList;
			buildConfigurations = (
				D7E266EE19D1AB760099D274 /* Debug */,
				D7E266EF19D1AB760099D274 /* Release */,
			);
			defaultConfigurationIsVisible = 0;
		};
/* End XCConfigurationList section */
	};
	rootObject = D7E266DE19D1AB760099D274 /* Project object */;
}
